PODS:
  - GoogleMaps/Base (3.9.0)
  - GooglePlaces (3.9.0):
    - GoogleMaps/Base (= 3.9.0)

DEPENDENCIES:
  - GooglePlaces

SPEC REPOS:
  trunk:
    - GoogleMaps
    - GooglePlaces

SPEC CHECKSUMS:
  GoogleMaps: 4b5346bddfe6911bb89155d43c903020170523ac
  GooglePlaces: 1634d019549b969d40fe0ccb0b9513055adebe01

PODFILE CHECKSUM: 16ed7912bf07368b281ac7ed1069118d060a187c

COCOAPODS: 1.9.3
